// !$*UTF8*$!
{
	archiveVersion = 1;
	classes = {
	};
	objectVersion = 46;
	objects = {

/* Begin PBXBuildFile section */
		3D83AA471E427CA8001A0FD4 /* Delayer.swift in Sources */ = {isa = PBXBuildFile; fileRef = 3D83AA461E427CA8001A0FD4 /* Delayer.swift */; };
		3DBA237B1E3E8C7B0038B1BC /* AppDelegate.swift in Sources */ = {isa = PBXBuildFile; fileRef = 3DBA237A1E3E8C7B0038B1BC /* AppDelegate.swift */; };
		3DBA237D1E3E8C7B0038B1BC /* ViewController.swift in Sources */ = {isa = PBXBuildFile; fileRef = 3DBA237C1E3E8C7B0038B1BC /* ViewController.swift */; };
		3DBA23801E3E8C7C0038B1BC /* Main.storyboard in Resources */ = {isa = PBXBuildFile; fileRef = 3DBA237E1E3E8C7C0038B1BC /* Main.storyboard */; };
		3DBA23821E3E8C7C0038B1BC /* Assets.xcassets in Resources */ = {isa = PBXBuildFile; fileRef = 3DBA23811E3E8C7C0038B1BC /* Assets.xcassets */; };
		3DBA23851E3E8C7C0038B1BC /* LaunchScreen.storyboard in Resources */ = {isa = PBXBuildFile; fileRef = 3DBA23831E3E8C7C0038B1BC /* LaunchScreen.storyboard */; };
		3DBB1F2A1E43B60B00804B54 /* UniformData.swift in Sources */ = {isa = PBXBuildFile; fileRef = 3DBB1F291E43B60B00804B54 /* UniformData.swift */; };
		3DBB1F2C1E43C49F00804B54 /* SpinnerView.swift in Sources */ = {isa = PBXBuildFile; fileRef = 3DBB1F2B1E43C49F00804B54 /* SpinnerView.swift */; };
		3DEC600E1E41962A003CD25D /* WidapGLView.swift in Sources */ = {isa = PBXBuildFile; fileRef = 3DEC600D1E41962A003CD25D /* WidapGLView.swift */; };
		3DEC60101E419655003CD25D /* ShaderProgram.swift in Sources */ = {isa = PBXBuildFile; fileRef = 3DEC600F1E419655003CD25D /* ShaderProgram.swift */; };
		3DEC60121E4198E1003CD25D /* Vertex.swift in Sources */ = {isa = PBXBuildFile; fileRef = 3DEC60111E4198E1003CD25D /* Vertex.swift */; };
		3DEC60141E419C25003CD25D /* WidapShape.swift in Sources */ = {isa = PBXBuildFile; fileRef = 3DEC60131E419C25003CD25D /* WidapShape.swift */; };
		3DEC60161E419C9A003CD25D /* FullRect.swift in Sources */ = {isa = PBXBuildFile; fileRef = 3DEC60151E419C9A003CD25D /* FullRect.swift */; };
/* End PBXBuildFile section */

/* Begin PBXFileReference section */
		3D83AA461E427CA8001A0FD4 /* Delayer.swift */ = {isa = PBXFileReference; fileEncoding = 4; lastKnownFileType = sourcecode.swift; path = Delayer.swift; sourceTree = "<group>"; };
		3DBA23771E3E8C7B0038B1BC /* OpenGL test.app */ = {isa = PBXFileReference; explicitFileType = wrapper.application; includeInIndex = 0; path = "OpenGL test.app"; sourceTree = BUILT_PRODUCTS_DIR; };
		3DBA237A1E3E8C7B0038B1BC /* AppDelegate.swift */ = {isa = PBXFileReference; lastKnownFileType = sourcecode.swift; path = AppDelegate.swift; sourceTree = "<group>"; };
		3DBA237C1E3E8C7B0038B1BC /* ViewController.swift */ = {isa = PBXFileReference; lastKnownFileType = sourcecode.swift; path = ViewController.swift; sourceTree = "<group>"; };
		3DBA237F1E3E8C7C0038B1BC /* Base */ = {isa = PBXFileReference; lastKnownFileType = file.storyboard; name = Base; path = Base.lproj/Main.storyboard; sourceTree = "<group>"; };
		3DBA23811E3E8C7C0038B1BC /* Assets.xcassets */ = {isa = PBXFileReference; lastKnownFileType = folder.assetcatalog; path = Assets.xcassets; sourceTree = "<group>"; };
		3DBA23841E3E8C7C0038B1BC /* Base */ = {isa = PBXFileReference; lastKnownFileType = file.storyboard; name = Base; path = Base.lproj/LaunchScreen.storyboard; sourceTree = "<group>"; };
		3DBA23861E3E8C7C0038B1BC /* Info.plist */ = {isa = PBXFileReference; lastKnownFileType = text.plist.xml; path = Info.plist; sourceTree = "<group>"; };
		3DBB1F291E43B60B00804B54 /* UniformData.swift */ = {isa = PBXFileReference; fileEncoding = 4; lastKnownFileType = sourcecode.swift; path = UniformData.swift; sourceTree = "<group>"; };
		3DBB1F2B1E43C49F00804B54 /* SpinnerView.swift */ = {isa = PBXFileReference; fileEncoding = 4; lastKnownFileType = sourcecode.swift; path = SpinnerView.swift; sourceTree = "<group>"; };
		3DEC600D1E41962A003CD25D /* WidapGLView.swift */ = {isa = PBXFileReference; fileEncoding = 4; lastKnownFileType = sourcecode.swift; path = WidapGLView.swift; sourceTree = "<group>"; };
		3DEC600F1E419655003CD25D /* ShaderProgram.swift */ = {isa = PBXFileReference; fileEncoding = 4; lastKnownFileType = sourcecode.swift; path = ShaderProgram.swift; sourceTree = "<group>"; };
		3DEC60111E4198E1003CD25D /* Vertex.swift */ = {isa = PBXFileReference; fileEncoding = 4; lastKnownFileType = sourcecode.swift; path = Vertex.swift; sourceTree = "<group>"; };
		3DEC60131E419C25003CD25D /* WidapShape.swift */ = {isa = PBXFileReference; fileEncoding = 4; lastKnownFileType = sourcecode.swift; path = WidapShape.swift; sourceTree = "<group>"; };
		3DEC60151E419C9A003CD25D /* FullRect.swift */ = {isa = PBXFileReference; fileEncoding = 4; lastKnownFileType = sourcecode.swift; path = FullRect.swift; sourceTree = "<group>"; };
/* End PBXFileReference section */

/* Begin PBXFrameworksBuildPhase section */
		3DBA23741E3E8C7B0038B1BC /* Frameworks */ = {
			isa = PBXFrameworksBuildPhase;
			buildActionMask = 2147483647;
			files = (
			);
			runOnlyForDeploymentPostprocessing = 0;
		};
/* End PBXFrameworksBuildPhase section */

/* Begin PBXGroup section */
		3DBA236E1E3E8C7B0038B1BC = {
			isa = PBXGroup;
			children = (
				3DBA23791E3E8C7B0038B1BC /* OpenGL test */,
				3DBA23781E3E8C7B0038B1BC /* Products */,
			);
			sourceTree = "<group>";
		};
		3DBA23781E3E8C7B0038B1BC /* Products */ = {
			isa = PBXGroup;
			children = (
				3DBA23771E3E8C7B0038B1BC /* OpenGL test.app */,
			);
			name = Products;
			sourceTree = "<group>";
		};
		3DBA23791E3E8C7B0038B1BC /* OpenGL test */ = {
			isa = PBXGroup;
			children = (
				3DBA237A1E3E8C7B0038B1BC /* AppDelegate.swift */,
				3DBA237C1E3E8C7B0038B1BC /* ViewController.swift */,
				3DBA237E1E3E8C7C0038B1BC /* Main.storyboard */,
				3DEC600D1E41962A003CD25D /* WidapGLView.swift */,
				3DBB1F2B1E43C49F00804B54 /* SpinnerView.swift */,
				3DEC60131E419C25003CD25D /* WidapShape.swift */,
				3DBB1F291E43B60B00804B54 /* UniformData.swift */,
				3D83AA461E427CA8001A0FD4 /* Delayer.swift */,
				3DEC60111E4198E1003CD25D /* Vertex.swift */,
				3DEC60151E419C9A003CD25D /* FullRect.swift */,
				3DEC600F1E419655003CD25D /* ShaderProgram.swift */,
				3DBA23811E3E8C7C0038B1BC /* Assets.xcassets */,
				3DBA23831E3E8C7C0038B1BC /* LaunchScreen.storyboard */,
				3DBA23861E3E8C7C0038B1BC /* Info.plist */,
			);
			path = "OpenGL test";
			sourceTree = "<group>";
		};
/* End PBXGroup section */

/* Begin PBXNativeTarget section */
		3DBA23761E3E8C7B0038B1BC /* OpenGL test */ = {
			isa = PBXNativeTarget;
			buildConfigurationList = 3DBA23891E3E8C7C0038B1BC /* Build configuration list for PBXNativeTarget "OpenGL test" */;
			buildPhases = (
				3DBA23731E3E8C7B0038B1BC /* Sources */,
				3DBA23741E3E8C7B0038B1BC /* Frameworks */,
				3DBA23751E3E8C7B0038B1BC /* Resources */,
			);
			buildRules = (
			);
			dependencies = (
			);
			name = "OpenGL test";
			productName = "OpenGL test";
			productReference = 3DBA23771E3E8C7B0038B1BC /* OpenGL test.app */;
			productType = "com.apple.product-type.application";
		};
/* End PBXNativeTarget section */

/* Begin PBXProject section */
		3DBA236F1E3E8C7B0038B1BC /* Project object */ = {
			isa = PBXProject;
			attributes = {
				LastSwiftUpdateCheck = 0820;
				LastUpgradeCheck = 0820;
				ORGANIZATIONNAME = "William Wold";
				TargetAttributes = {
					3DBA23761E3E8C7B0038B1BC = {
						CreatedOnToolsVersion = 8.2.1;
						ProvisioningStyle = Automatic;
					};
				};
			};
			buildConfigurationList = 3DBA23721E3E8C7B0038B1BC /* Build configuration list for PBXProject "OpenGL test" */;
			compatibilityVersion = "Xcode 3.2";
			developmentRegion = English;
			hasScannedForEncodings = 0;
			knownRegions = (
				en,
				Base,
			);
			mainGroup = 3DBA236E1E3E8C7B0038B1BC;
			productRefGroup = 3DBA23781E3E8C7B0038B1BC /* Products */;
			projectDirPath = "";
			projectRoot = "";
			targets = (
				3DBA23761E3E8C7B0038B1BC /* OpenGL test */,
			);
		};
/* End PBXProject section */

/* Begin PBXResourcesBuildPhase section */
		3DBA23751E3E8C7B0038B1BC /* Resources */ = {
			isa = PBXResourcesBuildPhase;
			buildActionMask = 2147483647;
			files = (
				3DBA23851E3E8C7C0038B1BC /* LaunchScreen.storyboard in Resources */,
				3DBA23821E3E8C7C0038B1BC /* Assets.xcassets in Resources */,
				3DBA23801E3E8C7C0038B1BC /* Main.storyboard in Resources */,
			);
			runOnlyForDeploymentPostprocessing = 0;
		};
/* End PBXResourcesBuildPhase section */

/* Begin PBXSourcesBuildPhase section */
		3DBA23731E3E8C7B0038B1BC /* Sources */ = {
			isa = PBXSourcesBuildPhase;
			buildActionMask = 2147483647;
			files = (
				3DBA237D1E3E8C7B0038B1BC /* ViewController.swift in Sources */,
				3DEC60141E419C25003CD25D /* WidapShape.swift in Sources */,
				3DEC60161E419C9A003CD25D /* FullRect.swift in Sources */,
				3DEC60101E419655003CD25D /* ShaderProgram.swift in Sources */,
				3DEC600E1E41962A003CD25D /* WidapGLView.swift in Sources */,
				3DBB1F2A1E43B60B00804B54 /* UniformData.swift in Sources */,
				3DBB1F2C1E43C49F00804B54 /* SpinnerView.swift in Sources */,
				3DEC60121E4198E1003CD25D /* Vertex.swift in Sources */,
				3D83AA471E427CA8001A0FD4 /* Delayer.swift in Sources */,
				3DBA237B1E3E8C7B0038B1BC /* AppDelegate.swift in Sources */,
			);
			runOnlyForDeploymentPostprocessing = 0;
		};
/* End PBXSourcesBuildPhase section */

/* Begin PBXVariantGroup section */
		3DBA237E1E3E8C7C0038B1BC /* Main.storyboard */ = {
			isa = PBXVariantGroup;
			children = (
				3DBA237F1E3E8C7C0038B1BC /* Base */,
			);
			name = Main.storyboard;
			sourceTree = "<group>";
		};
		3DBA23831E3E8C7C0038B1BC /* LaunchScreen.storyboard */ = {
			isa = PBXVariantGroup;
			children = (
				3DBA23841E3E8C7C0038B1BC /* Base */,
			);
			name = LaunchScreen.storyboard;
			sourceTree = "<group>";
		};
/* End PBXVariantGroup section */

/* Begin XCBuildConfiguration section */
		3DBA23871E3E8C7C0038B1BC /* Debug */ = {
			isa = XCBuildConfiguration;
			buildSettings = {
				ALWAYS_SEARCH_USER_PATHS = NO;
				CLANG_ANALYZER_NONNULL = YES;
				CLANG_CXX_LANGUAGE_STANDARD = "gnu++0x";
				CLANG_CXX_LIBRARY = "libc++";
				CLANG_ENABLE_MODULES = YES;
				CLANG_ENABLE_OBJC_ARC = YES;
				CLANG_WARN_BOOL_CONVERSION = YES;
				CLANG_WARN_CONSTANT_CONVERSION = YES;
				CLANG_WARN_DIRECT_OBJC_ISA_USAGE = YES_ERROR;
				CLANG_WARN_DOCUMENTATION_COMMENTS = YES;
				CLANG_WARN_EMPTY_BODY = YES;
				CLANG_WARN_ENUM_CONVERSION = YES;
				CLANG_WARN_INFINITE_RECURSION = YES;
				CLANG_WARN_INT_CONVERSION = YES;
				CLANG_WARN_OBJC_ROOT_CLASS = YES_ERROR;
				CLANG_WARN_SUSPICIOUS_MOVE = YES;
				CLANG_WARN_UNREACHABLE_CODE = YES;
				CLANG_WARN__DUPLICATE_METHOD_MATCH = YES;
				"CODE_SIGN_IDENTITY[sdk=iphoneos*]" = "iPhone Developer";
				COPY_PHASE_STRIP = NO;
				DEBUG_INFORMATION_FORMAT = dwarf;
				ENABLE_STRICT_OBJC_MSGSEND = YES;
				ENABLE_TESTABILITY = YES;
				GCC_C_LANGUAGE_STANDARD = gnu99;
				GCC_DYNAMIC_NO_PIC = NO;
				GCC_NO_COMMON_BLOCKS = YES;
				GCC_OPTIMIZATION_LEVEL = 0;
				GCC_PREPROCESSOR_DEFINITIONS = (
					"DEBUG=1",
					"$(inherited)",
				);
				GCC_WARN_64_TO_32_BIT_CONVERSION = YES;
				GCC_WARN_ABOUT_RETURN_TYPE = YES_ERROR;
				GCC_WARN_UNDECLARED_SELECTOR = YES;
				GCC_WARN_UNINITIALIZED_AUTOS = YES_AGGRESSIVE;
				GCC_WARN_UNUSED_FUNCTION = YES;
				GCC_WARN_UNUSED_VARIABLE = YES;
				IPHONEOS_DEPLOYMENT_TARGET = 10.2;
				MTL_ENABLE_DEBUG_INFO = YES;
				ONLY_ACTIVE_ARCH = YES;
				SDKROOT = iphoneos;
				SWIFT_ACTIVE_COMPILATION_CONDITIONS = DEBUG;
				SWIFT_OPTIMIZATION_LEVEL = "-Onone";
				TARGETED_DEVICE_FAMILY = "1,2";
			};
			name = Debug;
		};
		3DBA23881E3E8C7C0038B1BC /* Release */ = {
			isa = XCBuildConfiguration;
			buildSettings = {
				ALWAYS_SEARCH_USER_PATHS = NO;
				CLANG_ANALYZER_NONNULL = YES;
				CLANG_CXX_LANGUAGE_STANDARD = "gnu++0x";
				CLANG_CXX_LIBRARY = "libc++";
				CLANG_ENABLE_MODULES = YES;
				CLANG_ENABLE_OBJC_ARC = YES;
				CLANG_WARN_BOOL_CONVERSION = YES;
				CLANG_WARN_CONSTANT_CONVERSION = YES;
				CLANG_WARN_DIRECT_OBJC_ISA_USAGE = YES_ERROR;
				CLANG_WARN_DOCUMENTATION_COMMENTS = YES;
				CLANG_WARN_EMPTY_BODY = YES;
				CLANG_WARN_ENUM_CONVERSION = YES;
				CLANG_WARN_INFINITE_RECURSION = YES;
				CLANG_WARN_INT_CONVERSION = YES;
				CLANG_WARN_OBJC_ROOT_CLASS = YES_ERROR;
				CLANG_WARN_SUSPICIOUS_MOVE = YES;
				CLANG_WARN_UNREACHABLE_CODE = YES;
				CLANG_WARN__DUPLICATE_METHOD_MATCH = YES;
				"CODE_SIGN_IDENTITY[sdk=iphoneos*]" = "iPhone Developer";
				COPY_PHASE_STRIP = NO;
				DEBUG_INFORMATION_FORMAT = "dwarf-with-dsym";
				ENABLE_NS_ASSERTIONS = NO;
				ENABLE_STRICT_OBJC_MSGSEND = YES;
				GCC_C_LANGUAGE_STANDARD = gnu99;
				GCC_NO_COMMON_BLOCKS = YES;
				GCC_WARN_64_TO_32_BIT_CONVERSION = YES;
				GCC_WARN_ABOUT_RETURN_TYPE = YES_ERROR;
				GCC_WARN_UNDECLARED_SELECTOR = YES;
				GCC_WARN_UNINITIALIZED_AUTOS = YES_AGGRESSIVE;
				GCC_WARN_UNUSED_FUNCTION = YES;
				GCC_WARN_UNUSED_VARIABLE = YES;
				IPHONEOS_DEPLOYMENT_TARGET = 10.2;
				MTL_ENABLE_DEBUG_INFO = NO;
				SDKROOT = iphoneos;
				SWIFT_OPTIMIZATION_LEVEL = "-Owholemodule";
				TARGETED_DEVICE_FAMILY = "1,2";
				VALIDATE_PRODUCT = YES;
			};
			name = Release;
		};
		3DBA238A1E3E8C7C0038B1BC /* Debug */ = {
			isa = XCBuildConfiguration;
			buildSettings = {
				ASSETCATALOG_COMPILER_APPICON_NAME = AppIcon;
				INFOPLIST_FILE = "OpenGL test/Info.plist";
				LD_RUNPATH_SEARCH_PATHS = "$(inherited) @executable_path/Frameworks";
				PRODUCT_BUNDLE_IDENTIFIER = "net.widap.OpenGL-test";
				PRODUCT_NAME = "$(TARGET_NAME)";
				SWIFT_VERSION = 3.0;
			};
			name = Debug;
		};
		3DBA238B1E3E8C7C0038B1BC /* Release */ = {
			isa = XCBuildConfiguration;
			buildSettings = {
				ASSETCATALOG_COMPILER_APPICON_NAME = AppIcon;
				INFOPLIST_FILE = "OpenGL test/Info.plist";
				LD_RUNPATH_SEARCH_PATHS = "$(inherited) @executable_path/Frameworks";
				PRODUCT_BUNDLE_IDENTIFIER = "net.widap.OpenGL-test";
				PRODUCT_NAME = "$(TARGET_NAME)";
				SWIFT_VERSION = 3.0;
			};
			name = Release;
		};
/* End XCBuildConfiguration section */

/* Begin XCConfigurationList section */
		3DBA23721E3E8C7B0038B1BC /* Build configuration list for PBXProject "OpenGL test" */ = {
			isa = XCConfigurationList;
			buildConfigurations = (
				3DBA23871E3E8C7C0038B1BC /* Debug */,
				3DBA23881E3E8C7C0038B1BC /* Release */,
			);
			defaultConfigurationIsVisible = 0;
			defaultConfigurationName = Release;
		};
		3DBA23891E3E8C7C0038B1BC /* Build configuration list for PBXNativeTarget "OpenGL test" */ = {
			isa = XCConfigurationList;
			buildConfigurations = (
				3DBA238A1E3E8C7C0038B1BC /* Debug */,
				3DBA238B1E3E8C7C0038B1BC /* Release */,
			);
			defaultConfigurationIsVisible = 0;
			defaultConfigurationName = Release;
		};
/* End XCConfigurationList section */
	};
	rootObject = 3DBA236F1E3E8C7B0038B1BC /* Project object */;
}
